
Microsoft Visual Studio Solution File, Format Version 12.00
# Visual Studio Version 16
VisualStudioVersion = 16.0.29123.89
MinimumVisualStudioVersion = 10.0.40219.1
Project("{9A19103F-16F7-4668-BE54-9A1E7A4F7556}") = "ForcedLogin", "ForcedLogin\ForcedLogin.csproj", "{D168ABEF-DD1C-43A5-9756-8C6CEA78C32F}"
EndProject
Project("{9A19103F-16F7-4668-BE54-9A1E7A4F7556}") = "ForcedLogin.Core", "ForcedLogin.Core\ForcedLogin.Core.csproj", "{920FD834-D813-4827-8B85-88550146AB00}"
EndProject
Global
	GlobalSection(SolutionConfigurationPlatforms) = preSolution
		Debug|Any CPU = Debug|Any CPU
		Debug|ARM = Debug|ARM
		Debug|ARM64 = Debug|ARM64
		Debug|x64 = Debug|x64
		Debug|x86 = Debug|x86
		Release|Any CPU = Release|Any CPU
		Release|ARM = Release|ARM
		Release|ARM64 = Release|ARM64
		Release|x64 = Release|x64
		Release|x86 = Release|x86
	EndGlobalSection
	GlobalSection(ProjectConfigurationPlatforms) = postSolution
		{D168ABEF-DD1C-43A5-9756-8C6CEA78C32F}.Debug|Any CPU.ActiveCfg = Debug|Any CPU
		{D168ABEF-DD1C-43A5-9756-8C6CEA78C32F}.Debug|Any CPU.Build.0 = Debug|Any CPU
		{D168ABEF-DD1C-43A5-9756-8C6CEA78C32F}.Debug|ARM.ActiveCfg = Debug|Any CPU
		{D168ABEF-DD1C-43A5-9756-8C6CEA78C32F}.Debug|ARM.Build.0 = Debug|Any CPU
		{D168ABEF-DD1C-43A5-9756-8C6CEA78C32F}.Debug|ARM64.ActiveCfg = Debug|Any CPU
		{D168ABEF-DD1C-43A5-9756-8C6CEA78C32F}.Debug|ARM64.Build.0 = Debug|Any CPU
		{D168ABEF-DD1C-43A5-9756-8C6CEA78C32F}.Debug|x64.ActiveCfg = Debug|Any CPU
		{D168ABEF-DD1C-43A5-9756-8C6CEA78C32F}.Debug|x64.Build.0 = Debug|Any CPU
		{D168ABEF-DD1C-43A5-9756-8C6CEA78C32F}.Debug|x86.ActiveCfg = Debug|Any CPU
		{D168ABEF-DD1C-43A5-9756-8C6CEA78C32F}.Debug|x86.Build.0 = Debug|Any CPU
		{D168ABEF-DD1C-43A5-9756-8C6CEA78C32F}.Release|Any CPU.ActiveCfg = Release|Any CPU
		{D168ABEF-DD1C-43A5-9756-8C6CEA78C32F}.Release|Any CPU.Build.0 = Release|Any CPU
		{D168ABEF-DD1C-43A5-9756-8C6CEA78C32F}.Release|ARM.ActiveCfg = Release|Any CPU
		{D168ABEF-DD1C-43A5-9756-8C6CEA78C32F}.Release|ARM.Build.0 = Release|Any CPU
		{D168ABEF-DD1C-43A5-9756-8C6CEA78C32F}.Release|ARM64.ActiveCfg = Release|Any CPU
		{D168ABEF-DD1C-43A5-9756-8C6CEA78C32F}.Release|ARM64.Build.0 = Release|Any CPU
		{D168ABEF-DD1C-43A5-9756-8C6CEA78C32F}.Release|x64.ActiveCfg = Release|Any CPU
		{D168ABEF-DD1C-43A5-9756-8C6CEA78C32F}.Release|x64.Build.0 = Release|Any CPU
		{D168ABEF-DD1C-43A5-9756-8C6CEA78C32F}.Release|x86.ActiveCfg = Release|Any CPU
		{D168ABEF-DD1C-43A5-9756-8C6CEA78C32F}.Release|x86.Build.0 = Release|Any CPU
		{920FD834-D813-4827-8B85-88550146AB00}.Debug|Any CPU.ActiveCfg = Debug|Any CPU
		{920FD834-D813-4827-8B85-88550146AB00}.Debug|Any CPU.Build.0 = Debug|Any CPU
		{920FD834-D813-4827-8B85-88550146AB00}.Debug|ARM.ActiveCfg = Debug|Any CPU
		{920FD834-D813-4827-8B85-88550146AB00}.Debug|ARM.Build.0 = Debug|Any CPU
		{920FD834-D813-4827-8B85-88550146AB00}.Debug|ARM64.ActiveCfg = Debug|Any CPU
		{920FD834-D813-4827-8B85-88550146AB00}.Debug|ARM64.Build.0 = Debug|Any CPU
		{920FD834-D813-4827-8B85-88550146AB00}.Debug|x64.ActiveCfg = Debug|Any CPU
		{920FD834-D813-4827-8B85-88550146AB00}.Debug|x64.Build.0 = Debug|Any CPU
		{920FD834-D813-4827-8B85-88550146AB00}.Debug|x86.ActiveCfg = Debug|Any CPU
		{920FD834-D813-4827-8B85-88550146AB00}.Debug|x86.Build.0 = Debug|Any CPU
		{920FD834-D813-4827-8B85-88550146AB00}.Release|Any CPU.ActiveCfg = Release|Any CPU
		{920FD834-D813-4827-8B85-88550146AB00}.Release|Any CPU.Build.0 = Release|Any CPU
		{920FD834-D813-4827-8B85-88550146AB00}.Release|ARM.ActiveCfg = Release|Any CPU
		{920FD834-D813-4827-8B85-88550146AB00}.Release|ARM.Build.0 = Release|Any CPU
		{920FD834-D813-4827-8B85-88550146AB00}.Release|ARM64.ActiveCfg = Release|Any CPU
		{920FD834-D813-4827-8B85-88550146AB00}.Release|ARM64.Build.0 = Release|Any CPU
		{920FD834-D813-4827-8B85-88550146AB00}.Release|x64.ActiveCfg = Release|Any CPU
		{920FD834-D813-4827-8B85-88550146AB00}.Release|x64.Build.0 = Release|Any CPU
		{920FD834-D813-4827-8B85-88550146AB00}.Release|x86.ActiveCfg = Release|Any CPU
		{920FD834-D813-4827-8B85-88550146AB00}.Release|x86.Build.0 = Release|Any CPU
	EndGlobalSection
	GlobalSection(SolutionProperties) = preSolution
		HideSolutionNode = FALSE
	EndGlobalSection
	GlobalSection(ExtensibilityGlobals) = postSolution
		SolutionGuid = {687F1BB1-7417-410D-A242-9B1B53C71206}
	EndGlobalSection
EndGlobal
