
Microsoft Visual Studio Solution File, Format Version 12.00
# Visual Studio Version 16
# This solution was created by the WinTS emulator and might differ from what Visual Studio creates
VisualStudioVersion = 16.0.29123.89
MinimumVisualStudioVersion = 10.0.40219.1
Project("{9A19103F-16F7-4668-BE54-9A1E7A4F7556}") = "RibbonApp", "RibbonApp\RibbonApp.csproj", "{498f6ed7-4830-4e3c-8c87-7b76932e9487}"
EndProject
Project("{9A19103F-16F7-4668-BE54-9A1E7A4F7556}") = "RibbonApp.Core", "RibbonApp.Core\RibbonApp.Core.csproj", "{f0f872ac-76a9-4ff7-ad17-6d33bcc87074}"
EndProject
Project("{}") = "RibbonApp.Packaging", "RibbonApp.Packaging\RibbonApp.Packaging.wapproj", "{4B042E92-BB74-42D5-84ED-2A7975E48159}"
EndProject
Global
	GlobalSection(SolutionConfigurationPlatforms) = preSolution
		Debug|Any CPU = Debug|Any CPU
		Debug|ARM = Debug|ARM
		Debug|ARM64 = Debug|ARM64
		Debug|x64 = Debug|x64
		Debug|x86 = Debug|x86
		Release|Any CPU = Release|Any CPU
		Release|ARM = Release|ARM
		Release|ARM64 = Release|ARM64
		Release|x64 = Release|x64
		Release|x86 = Release|x86
	EndGlobalSection
	GlobalSection(ProjectConfigurationPlatforms) = postSolution		
		{498f6ed7-4830-4e3c-8c87-7b76932e9487}.Debug|Any CPU.ActiveCfg = Debug|Any CPU
		{498f6ed7-4830-4e3c-8c87-7b76932e9487}.Debug|Any CPU.Build.0 = Debug|Any CPU
		{498f6ed7-4830-4e3c-8c87-7b76932e9487}.Debug|ARM.ActiveCfg = Debug|Any CPU
		{498f6ed7-4830-4e3c-8c87-7b76932e9487}.Debug|ARM.Build.0 = Debug|Any CPU
		{498f6ed7-4830-4e3c-8c87-7b76932e9487}.Debug|ARM64.ActiveCfg = Debug|Any CPU
		{498f6ed7-4830-4e3c-8c87-7b76932e9487}.Debug|ARM64.Build.0 = Debug|Any CPU
		{498f6ed7-4830-4e3c-8c87-7b76932e9487}.Debug|x64.ActiveCfg = Debug|Any CPU
		{498f6ed7-4830-4e3c-8c87-7b76932e9487}.Debug|x64.Build.0 = Debug|Any CPU
		{498f6ed7-4830-4e3c-8c87-7b76932e9487}.Debug|x86.ActiveCfg = Debug|Any CPU
		{498f6ed7-4830-4e3c-8c87-7b76932e9487}.Debug|x86.Build.0 = Debug|Any CPU
		{498f6ed7-4830-4e3c-8c87-7b76932e9487}.Release|Any CPU.ActiveCfg = Release|Any CPU
		{498f6ed7-4830-4e3c-8c87-7b76932e9487}.Release|Any CPU.Build.0 = Release|Any CPU
		{498f6ed7-4830-4e3c-8c87-7b76932e9487}.Release|ARM.ActiveCfg = Release|Any CPU
		{498f6ed7-4830-4e3c-8c87-7b76932e9487}.Release|ARM.Build.0 = Release|Any CPU
		{498f6ed7-4830-4e3c-8c87-7b76932e9487}.Release|ARM64.ActiveCfg = Release|Any CPU
		{498f6ed7-4830-4e3c-8c87-7b76932e9487}.Release|ARM64.Build.0 = Release|Any CPU
		{498f6ed7-4830-4e3c-8c87-7b76932e9487}.Release|x64.ActiveCfg = Release|Any CPU
		{498f6ed7-4830-4e3c-8c87-7b76932e9487}.Release|x64.Build.0 = Release|Any CPU
		{498f6ed7-4830-4e3c-8c87-7b76932e9487}.Release|x86.ActiveCfg = Release|Any CPU
		{498f6ed7-4830-4e3c-8c87-7b76932e9487}.Release|x86.Build.0 = Release|Any CPU
			{f0f872ac-76a9-4ff7-ad17-6d33bcc87074}.Debug|Any CPU.ActiveCfg = Debug|Any CPU
		{f0f872ac-76a9-4ff7-ad17-6d33bcc87074}.Debug|Any CPU.Build.0 = Debug|Any CPU
		{f0f872ac-76a9-4ff7-ad17-6d33bcc87074}.Release|Any CPU.ActiveCfg = Release|Any CPU
		{f0f872ac-76a9-4ff7-ad17-6d33bcc87074}.Release|Any CPU.Build.0 = Release|Any CPU
			{4B042E92-BB74-42D5-84ED-2A7975E48159}.Debug|Any CPU.ActiveCfg = Debug|Any CPU
		{4B042E92-BB74-42D5-84ED-2A7975E48159}.Debug|Any CPU.Build.0 = Debug|Any CPU
		{4B042E92-BB74-42D5-84ED-2A7975E48159}.Debug|Any CPU.Deploy.0 = Debug|Any CPU
		{4B042E92-BB74-42D5-84ED-2A7975E48159}.Debug|ARM.ActiveCfg = Debug|ARM
		{4B042E92-BB74-42D5-84ED-2A7975E48159}.Debug|ARM.Build.0 = Debug|ARM
		{4B042E92-BB74-42D5-84ED-2A7975E48159}.Debug|ARM.Deploy.0 = Debug|ARM
		{4B042E92-BB74-42D5-84ED-2A7975E48159}.Debug|ARM64.ActiveCfg = Debug|ARM64
		{4B042E92-BB74-42D5-84ED-2A7975E48159}.Debug|ARM64.Build.0 = Debug|ARM64
		{4B042E92-BB74-42D5-84ED-2A7975E48159}.Debug|ARM64.Deploy.0 = Debug|ARM64
		{4B042E92-BB74-42D5-84ED-2A7975E48159}.Debug|x64.ActiveCfg = Debug|x64
		{4B042E92-BB74-42D5-84ED-2A7975E48159}.Debug|x64.Build.0 = Debug|x64
		{4B042E92-BB74-42D5-84ED-2A7975E48159}.Debug|x64.Deploy.0 = Debug|x64
		{4B042E92-BB74-42D5-84ED-2A7975E48159}.Debug|x86.ActiveCfg = Debug|x86
		{4B042E92-BB74-42D5-84ED-2A7975E48159}.Debug|x86.Build.0 = Debug|x86
		{4B042E92-BB74-42D5-84ED-2A7975E48159}.Debug|x86.Deploy.0 = Debug|x86
		{4B042E92-BB74-42D5-84ED-2A7975E48159}.Release|Any CPU.ActiveCfg = Release|Any CPU
		{4B042E92-BB74-42D5-84ED-2A7975E48159}.Release|Any CPU.Build.0 = Release|Any CPU
		{4B042E92-BB74-42D5-84ED-2A7975E48159}.Release|Any CPU.Deploy.0 = Release|Any CPU
		{4B042E92-BB74-42D5-84ED-2A7975E48159}.Release|ARM.ActiveCfg = Release|ARM
		{4B042E92-BB74-42D5-84ED-2A7975E48159}.Release|ARM.Build.0 = Release|ARM
		{4B042E92-BB74-42D5-84ED-2A7975E48159}.Release|ARM.Deploy.0 = Release|ARM
		{4B042E92-BB74-42D5-84ED-2A7975E48159}.Release|ARM64.ActiveCfg = Release|ARM64
		{4B042E92-BB74-42D5-84ED-2A7975E48159}.Release|ARM64.Build.0 = Release|ARM64
		{4B042E92-BB74-42D5-84ED-2A7975E48159}.Release|ARM64.Deploy.0 = Release|ARM64
		{4B042E92-BB74-42D5-84ED-2A7975E48159}.Release|x64.ActiveCfg = Release|x64
		{4B042E92-BB74-42D5-84ED-2A7975E48159}.Release|x64.Build.0 = Release|x64
		{4B042E92-BB74-42D5-84ED-2A7975E48159}.Release|x64.Deploy.0 = Release|x64
		{4B042E92-BB74-42D5-84ED-2A7975E48159}.Release|x86.ActiveCfg = Release|x86
		{4B042E92-BB74-42D5-84ED-2A7975E48159}.Release|x86.Build.0 = Release|x86
		{4B042E92-BB74-42D5-84ED-2A7975E48159}.Release|x86.Deploy.0 = Release|x86
	EndGlobalSection
	GlobalSection(SolutionProperties) = preSolution
		HideSolutionNode = FALSE
	EndGlobalSection	
EndGlobal
