
Microsoft Visual Studio Solution File, Format Version 12.00
# Visual Studio Version 16
VisualStudioVersion = 16.0.29123.89
MinimumVisualStudioVersion = 10.0.40219.1
Project("{9A19103F-16F7-4668-BE54-9A1E7A4F7556}") = "RibbonApp", "RibbonApp\RibbonApp.csproj", "{80895ED5-DD3A-4A5C-82F4-4A76E70B9604}"
EndProject
Project("{9A19103F-16F7-4668-BE54-9A1E7A4F7556}") = "RibbonApp.Core", "RibbonApp.Core\RibbonApp.Core.csproj", "{C01DCA8E-3AB0-492D-9DDA-6B0D1AA1DCBE}"
EndProject
Project("{C7167F0D-BC9F-4E6E-AFE1-012C56B48DB5}") = "RibbonApp.Packaging", "RibbonApp.Packaging\RibbonApp.Packaging.wapproj", "{4335B2FC-8DC5-44A2-9B4D-FDB88B936E79}"
EndProject
Global
	GlobalSection(SolutionConfigurationPlatforms) = preSolution
		Debug|Any CPU = Debug|Any CPU
		Release|Any CPU = Release|Any CPU
	EndGlobalSection
	GlobalSection(ProjectConfigurationPlatforms) = postSolution
		{80895ED5-DD3A-4A5C-82F4-4A76E70B9604}.Debug|Any CPU.ActiveCfg = Debug|Any CPU
		{80895ED5-DD3A-4A5C-82F4-4A76E70B9604}.Debug|Any CPU.Build.0 = Debug|Any CPU
		{80895ED5-DD3A-4A5C-82F4-4A76E70B9604}.Release|Any CPU.ActiveCfg = Release|Any CPU
		{80895ED5-DD3A-4A5C-82F4-4A76E70B9604}.Release|Any CPU.Build.0 = Release|Any CPU
		{C01DCA8E-3AB0-492D-9DDA-6B0D1AA1DCBE}.Debug|Any CPU.ActiveCfg = Debug|Any CPU
		{C01DCA8E-3AB0-492D-9DDA-6B0D1AA1DCBE}.Debug|Any CPU.Build.0 = Debug|Any CPU
		{C01DCA8E-3AB0-492D-9DDA-6B0D1AA1DCBE}.Release|Any CPU.ActiveCfg = Release|Any CPU
		{C01DCA8E-3AB0-492D-9DDA-6B0D1AA1DCBE}.Release|Any CPU.Build.0 = Release|Any CPU
		{4335B2FC-8DC5-44A2-9B4D-FDB88B936E79}.Debug|Any CPU.ActiveCfg = Debug|Any CPU
		{4335B2FC-8DC5-44A2-9B4D-FDB88B936E79}.Debug|Any CPU.Build.0 = Debug|Any CPU
		{4335B2FC-8DC5-44A2-9B4D-FDB88B936E79}.Debug|Any CPU.Deploy.0 = Debug|Any CPU
		{4335B2FC-8DC5-44A2-9B4D-FDB88B936E79}.Release|Any CPU.ActiveCfg = Release|Any CPU
		{4335B2FC-8DC5-44A2-9B4D-FDB88B936E79}.Release|Any CPU.Build.0 = Release|Any CPU
		{4335B2FC-8DC5-44A2-9B4D-FDB88B936E79}.Release|Any CPU.Deploy.0 = Release|Any CPU
	EndGlobalSection
	GlobalSection(SolutionProperties) = preSolution
		HideSolutionNode = FALSE
	EndGlobalSection
	GlobalSection(ExtensibilityGlobals) = postSolution
		SolutionGuid = {BC61F272-C790-460A-A816-5998966F6414}
	EndGlobalSection
EndGlobal
