
Microsoft Visual Studio Solution File, Format Version 12.00
# Visual Studio Version 16
VisualStudioVersion = 16.0.29503.13
MinimumVisualStudioVersion = 10.0.40219.1
Project("{C7167F0D-BC9F-4E6E-AFE1-012C56B48DB5}") = "Blank.Packaging", "Blank.Packaging\Blank.Packaging.wapproj", "{D38B886E-2993-4121-9BB0-2F973CA100C1}"
EndProject
Project("{9A19103F-16F7-4668-BE54-9A1E7A4F7556}") = "Blank", "Blank\Blank.csproj", "{29E824E4-B802-4684-95C4-1A6C9EA91791}"
EndProject
Project("{9A19103F-16F7-4668-BE54-9A1E7A4F7556}") = "Blank.Core", "Blank.Core\Blank.Core.csproj", "{FB75A8A3-4DB6-46F1-B1E9-A31F8199DA5F}"
EndProject
Global
	GlobalSection(SolutionConfigurationPlatforms) = preSolution
		Debug|Any CPU = Debug|Any CPU
		Debug|ARM = Debug|ARM
		Debug|ARM64 = Debug|ARM64
		Debug|x64 = Debug|x64
		Debug|x86 = Debug|x86
		Release|Any CPU = Release|Any CPU
		Release|ARM = Release|ARM
		Release|ARM64 = Release|ARM64
		Release|x64 = Release|x64
		Release|x86 = Release|x86
	EndGlobalSection
	GlobalSection(ProjectConfigurationPlatforms) = postSolution
		{D38B886E-2993-4121-9BB0-2F973CA100C1}.Debug|Any CPU.ActiveCfg = Debug|Any CPU
		{D38B886E-2993-4121-9BB0-2F973CA100C1}.Debug|Any CPU.Build.0 = Debug|Any CPU
		{D38B886E-2993-4121-9BB0-2F973CA100C1}.Debug|Any CPU.Deploy.0 = Debug|Any CPU
		{D38B886E-2993-4121-9BB0-2F973CA100C1}.Debug|ARM.ActiveCfg = Debug|ARM
		{D38B886E-2993-4121-9BB0-2F973CA100C1}.Debug|ARM.Build.0 = Debug|ARM
		{D38B886E-2993-4121-9BB0-2F973CA100C1}.Debug|ARM.Deploy.0 = Debug|ARM
		{D38B886E-2993-4121-9BB0-2F973CA100C1}.Debug|ARM64.ActiveCfg = Debug|ARM64
		{D38B886E-2993-4121-9BB0-2F973CA100C1}.Debug|ARM64.Build.0 = Debug|ARM64
		{D38B886E-2993-4121-9BB0-2F973CA100C1}.Debug|ARM64.Deploy.0 = Debug|ARM64
		{D38B886E-2993-4121-9BB0-2F973CA100C1}.Debug|x64.ActiveCfg = Debug|x64
		{D38B886E-2993-4121-9BB0-2F973CA100C1}.Debug|x64.Build.0 = Debug|x64
		{D38B886E-2993-4121-9BB0-2F973CA100C1}.Debug|x64.Deploy.0 = Debug|x64
		{D38B886E-2993-4121-9BB0-2F973CA100C1}.Debug|x86.ActiveCfg = Debug|x86
		{D38B886E-2993-4121-9BB0-2F973CA100C1}.Debug|x86.Build.0 = Debug|x86
		{D38B886E-2993-4121-9BB0-2F973CA100C1}.Debug|x86.Deploy.0 = Debug|x86
		{D38B886E-2993-4121-9BB0-2F973CA100C1}.Release|Any CPU.ActiveCfg = Release|Any CPU
		{D38B886E-2993-4121-9BB0-2F973CA100C1}.Release|Any CPU.Build.0 = Release|Any CPU
		{D38B886E-2993-4121-9BB0-2F973CA100C1}.Release|Any CPU.Deploy.0 = Release|Any CPU
		{D38B886E-2993-4121-9BB0-2F973CA100C1}.Release|ARM.ActiveCfg = Release|ARM
		{D38B886E-2993-4121-9BB0-2F973CA100C1}.Release|ARM.Build.0 = Release|ARM
		{D38B886E-2993-4121-9BB0-2F973CA100C1}.Release|ARM.Deploy.0 = Release|ARM
		{D38B886E-2993-4121-9BB0-2F973CA100C1}.Release|ARM64.ActiveCfg = Release|ARM64
		{D38B886E-2993-4121-9BB0-2F973CA100C1}.Release|ARM64.Build.0 = Release|ARM64
		{D38B886E-2993-4121-9BB0-2F973CA100C1}.Release|ARM64.Deploy.0 = Release|ARM64
		{D38B886E-2993-4121-9BB0-2F973CA100C1}.Release|x64.ActiveCfg = Release|x64
		{D38B886E-2993-4121-9BB0-2F973CA100C1}.Release|x64.Build.0 = Release|x64
		{D38B886E-2993-4121-9BB0-2F973CA100C1}.Release|x64.Deploy.0 = Release|x64
		{D38B886E-2993-4121-9BB0-2F973CA100C1}.Release|x86.ActiveCfg = Release|x86
		{D38B886E-2993-4121-9BB0-2F973CA100C1}.Release|x86.Build.0 = Release|x86
		{D38B886E-2993-4121-9BB0-2F973CA100C1}.Release|x86.Deploy.0 = Release|x86
		{29E824E4-B802-4684-95C4-1A6C9EA91791}.Debug|Any CPU.ActiveCfg = Debug|Any CPU
		{29E824E4-B802-4684-95C4-1A6C9EA91791}.Debug|Any CPU.Build.0 = Debug|Any CPU
		{29E824E4-B802-4684-95C4-1A6C9EA91791}.Debug|ARM.ActiveCfg = Debug|Any CPU
		{29E824E4-B802-4684-95C4-1A6C9EA91791}.Debug|ARM.Build.0 = Debug|Any CPU
		{29E824E4-B802-4684-95C4-1A6C9EA91791}.Debug|ARM64.ActiveCfg = Debug|Any CPU
		{29E824E4-B802-4684-95C4-1A6C9EA91791}.Debug|ARM64.Build.0 = Debug|Any CPU
		{29E824E4-B802-4684-95C4-1A6C9EA91791}.Debug|x64.ActiveCfg = Debug|Any CPU
		{29E824E4-B802-4684-95C4-1A6C9EA91791}.Debug|x64.Build.0 = Debug|Any CPU
		{29E824E4-B802-4684-95C4-1A6C9EA91791}.Debug|x86.ActiveCfg = Debug|Any CPU
		{29E824E4-B802-4684-95C4-1A6C9EA91791}.Debug|x86.Build.0 = Debug|Any CPU
		{29E824E4-B802-4684-95C4-1A6C9EA91791}.Release|Any CPU.ActiveCfg = Release|Any CPU
		{29E824E4-B802-4684-95C4-1A6C9EA91791}.Release|Any CPU.Build.0 = Release|Any CPU
		{29E824E4-B802-4684-95C4-1A6C9EA91791}.Release|ARM.ActiveCfg = Release|Any CPU
		{29E824E4-B802-4684-95C4-1A6C9EA91791}.Release|ARM.Build.0 = Release|Any CPU
		{29E824E4-B802-4684-95C4-1A6C9EA91791}.Release|ARM64.ActiveCfg = Release|Any CPU
		{29E824E4-B802-4684-95C4-1A6C9EA91791}.Release|ARM64.Build.0 = Release|Any CPU
		{29E824E4-B802-4684-95C4-1A6C9EA91791}.Release|x64.ActiveCfg = Release|Any CPU
		{29E824E4-B802-4684-95C4-1A6C9EA91791}.Release|x64.Build.0 = Release|Any CPU
		{29E824E4-B802-4684-95C4-1A6C9EA91791}.Release|x86.ActiveCfg = Release|Any CPU
		{29E824E4-B802-4684-95C4-1A6C9EA91791}.Release|x86.Build.0 = Release|Any CPU
		{FB75A8A3-4DB6-46F1-B1E9-A31F8199DA5F}.Debug|Any CPU.ActiveCfg = Debug|Any CPU
		{FB75A8A3-4DB6-46F1-B1E9-A31F8199DA5F}.Debug|Any CPU.Build.0 = Debug|Any CPU
		{FB75A8A3-4DB6-46F1-B1E9-A31F8199DA5F}.Debug|ARM.ActiveCfg = Debug|Any CPU
		{FB75A8A3-4DB6-46F1-B1E9-A31F8199DA5F}.Debug|ARM.Build.0 = Debug|Any CPU
		{FB75A8A3-4DB6-46F1-B1E9-A31F8199DA5F}.Debug|ARM64.ActiveCfg = Debug|Any CPU
		{FB75A8A3-4DB6-46F1-B1E9-A31F8199DA5F}.Debug|ARM64.Build.0 = Debug|Any CPU
		{FB75A8A3-4DB6-46F1-B1E9-A31F8199DA5F}.Debug|x64.ActiveCfg = Debug|Any CPU
		{FB75A8A3-4DB6-46F1-B1E9-A31F8199DA5F}.Debug|x64.Build.0 = Debug|Any CPU
		{FB75A8A3-4DB6-46F1-B1E9-A31F8199DA5F}.Debug|x86.ActiveCfg = Debug|Any CPU
		{FB75A8A3-4DB6-46F1-B1E9-A31F8199DA5F}.Debug|x86.Build.0 = Debug|Any CPU
		{FB75A8A3-4DB6-46F1-B1E9-A31F8199DA5F}.Release|Any CPU.ActiveCfg = Release|Any CPU
		{FB75A8A3-4DB6-46F1-B1E9-A31F8199DA5F}.Release|Any CPU.Build.0 = Release|Any CPU
		{FB75A8A3-4DB6-46F1-B1E9-A31F8199DA5F}.Release|ARM.ActiveCfg = Release|Any CPU
		{FB75A8A3-4DB6-46F1-B1E9-A31F8199DA5F}.Release|ARM.Build.0 = Release|Any CPU
		{FB75A8A3-4DB6-46F1-B1E9-A31F8199DA5F}.Release|ARM64.ActiveCfg = Release|Any CPU
		{FB75A8A3-4DB6-46F1-B1E9-A31F8199DA5F}.Release|ARM64.Build.0 = Release|Any CPU
		{FB75A8A3-4DB6-46F1-B1E9-A31F8199DA5F}.Release|x64.ActiveCfg = Release|Any CPU
		{FB75A8A3-4DB6-46F1-B1E9-A31F8199DA5F}.Release|x64.Build.0 = Release|Any CPU
		{FB75A8A3-4DB6-46F1-B1E9-A31F8199DA5F}.Release|x86.ActiveCfg = Release|Any CPU
		{FB75A8A3-4DB6-46F1-B1E9-A31F8199DA5F}.Release|x86.Build.0 = Release|Any CPU
	EndGlobalSection
	GlobalSection(SolutionProperties) = preSolution
		HideSolutionNode = FALSE
	EndGlobalSection
	GlobalSection(ExtensibilityGlobals) = postSolution
		SolutionGuid = {AB0DA9C7-A0E8-40D1-9EED-52E5D208FC02}
	EndGlobalSection
EndGlobal
