
Microsoft Visual Studio Solution File, Format Version 12.00
# Visual Studio Version 16
VisualStudioVersion = 16.0.29123.89
MinimumVisualStudioVersion = 10.0.40219.1
Project("{9A19103F-16F7-4668-BE54-9A1E7A4F7556}") = "MenuBar", "MenuBar\MenuBar.csproj", "{38B9BED8-4C49-4420-A287-E2590F219053}"
EndProject
Project("{9A19103F-16F7-4668-BE54-9A1E7A4F7556}") = "MenuBar.Core", "MenuBar.Core\MenuBar.Core.csproj", "{32D1AF83-C969-4C6E-8FBE-E501A17AD6E2}"
EndProject
Project("{C7167F0D-BC9F-4E6E-AFE1-012C56B48DB5}") = "MenuBar.Packaging", "MenuBar.Packaging\MenuBar.Packaging.wapproj", "{8187883D-BCEC-49FE-B924-B3881B79B60E}"
EndProject
Global
	GlobalSection(SolutionConfigurationPlatforms) = preSolution
		Debug|Any CPU = Debug|Any CPU
		Release|Any CPU = Release|Any CPU
	EndGlobalSection
	GlobalSection(ProjectConfigurationPlatforms) = postSolution
		{38B9BED8-4C49-4420-A287-E2590F219053}.Debug|Any CPU.ActiveCfg = Debug|Any CPU
		{38B9BED8-4C49-4420-A287-E2590F219053}.Debug|Any CPU.Build.0 = Debug|Any CPU
		{38B9BED8-4C49-4420-A287-E2590F219053}.Release|Any CPU.ActiveCfg = Release|Any CPU
		{38B9BED8-4C49-4420-A287-E2590F219053}.Release|Any CPU.Build.0 = Release|Any CPU
		{32D1AF83-C969-4C6E-8FBE-E501A17AD6E2}.Debug|Any CPU.ActiveCfg = Debug|Any CPU
		{32D1AF83-C969-4C6E-8FBE-E501A17AD6E2}.Debug|Any CPU.Build.0 = Debug|Any CPU
		{32D1AF83-C969-4C6E-8FBE-E501A17AD6E2}.Release|Any CPU.ActiveCfg = Release|Any CPU
		{32D1AF83-C969-4C6E-8FBE-E501A17AD6E2}.Release|Any CPU.Build.0 = Release|Any CPU
		{8187883D-BCEC-49FE-B924-B3881B79B60E}.Debug|Any CPU.ActiveCfg = Debug|Any CPU
		{8187883D-BCEC-49FE-B924-B3881B79B60E}.Debug|Any CPU.Build.0 = Debug|Any CPU
		{8187883D-BCEC-49FE-B924-B3881B79B60E}.Debug|Any CPU.Deploy.0 = Debug|Any CPU
		{8187883D-BCEC-49FE-B924-B3881B79B60E}.Release|Any CPU.ActiveCfg = Release|Any CPU
		{8187883D-BCEC-49FE-B924-B3881B79B60E}.Release|Any CPU.Build.0 = Release|Any CPU
		{8187883D-BCEC-49FE-B924-B3881B79B60E}.Release|Any CPU.Deploy.0 = Release|Any CPU
	EndGlobalSection
	GlobalSection(SolutionProperties) = preSolution
		HideSolutionNode = FALSE
	EndGlobalSection
	GlobalSection(ExtensibilityGlobals) = postSolution
		SolutionGuid = {731CA703-67D1-49F6-9B19-10368A109C07}
	EndGlobalSection
EndGlobal
