
Microsoft Visual Studio Solution File, Format Version 12.00
# Visual Studio Version 16
VisualStudioVersion = 16.0.29123.89
MinimumVisualStudioVersion = 10.0.40219.1
Project("{9A19103F-16F7-4668-BE54-9A1E7A4F7556}") = "MenuBar", "MenuBar\MenuBar.csproj", "{1F43537B-5527-41B3-B59B-301CD6515183}"
EndProject
Project("{9A19103F-16F7-4668-BE54-9A1E7A4F7556}") = "MenuBar.Core", "MenuBar.Core\MenuBar.Core.csproj", "{5D730CC3-DEE3-4B2A-8D59-120C96A5FA90}"
EndProject
Project("{C7167F0D-BC9F-4E6E-AFE1-012C56B48DB5}") = "MenuBar.Packaging", "MenuBar.Packaging\MenuBar.Packaging.wapproj", "{EF7D66BB-B4AC-4867-814E-2DB979068211}"
EndProject
Global
	GlobalSection(SolutionConfigurationPlatforms) = preSolution
		Debug|Any CPU = Debug|Any CPU
		Debug|ARM = Debug|ARM
		Debug|ARM64 = Debug|ARM64
		Debug|x64 = Debug|x64
		Debug|x86 = Debug|x86
		Release|Any CPU = Release|Any CPU
		Release|ARM = Release|ARM
		Release|ARM64 = Release|ARM64
		Release|x64 = Release|x64
		Release|x86 = Release|x86
	EndGlobalSection
	GlobalSection(ProjectConfigurationPlatforms) = postSolution
		{1F43537B-5527-41B3-B59B-301CD6515183}.Debug|Any CPU.ActiveCfg = Debug|Any CPU
		{1F43537B-5527-41B3-B59B-301CD6515183}.Debug|Any CPU.Build.0 = Debug|Any CPU
		{1F43537B-5527-41B3-B59B-301CD6515183}.Debug|ARM.ActiveCfg = Debug|Any CPU
		{1F43537B-5527-41B3-B59B-301CD6515183}.Debug|ARM.Build.0 = Debug|Any CPU
		{1F43537B-5527-41B3-B59B-301CD6515183}.Debug|ARM64.ActiveCfg = Debug|Any CPU
		{1F43537B-5527-41B3-B59B-301CD6515183}.Debug|ARM64.Build.0 = Debug|Any CPU
		{1F43537B-5527-41B3-B59B-301CD6515183}.Debug|x64.ActiveCfg = Debug|x64
		{1F43537B-5527-41B3-B59B-301CD6515183}.Debug|x64.Build.0 = Debug|x64
		{1F43537B-5527-41B3-B59B-301CD6515183}.Debug|x86.ActiveCfg = Debug|x86
		{1F43537B-5527-41B3-B59B-301CD6515183}.Debug|x86.Build.0 = Debug|x86
		{1F43537B-5527-41B3-B59B-301CD6515183}.Release|Any CPU.ActiveCfg = Release|Any CPU
		{1F43537B-5527-41B3-B59B-301CD6515183}.Release|Any CPU.Build.0 = Release|Any CPU
		{1F43537B-5527-41B3-B59B-301CD6515183}.Release|ARM.ActiveCfg = Release|Any CPU
		{1F43537B-5527-41B3-B59B-301CD6515183}.Release|ARM.Build.0 = Release|Any CPU
		{1F43537B-5527-41B3-B59B-301CD6515183}.Release|ARM64.ActiveCfg = Release|Any CPU
		{1F43537B-5527-41B3-B59B-301CD6515183}.Release|ARM64.Build.0 = Release|Any CPU
		{1F43537B-5527-41B3-B59B-301CD6515183}.Release|x64.ActiveCfg = Release|x64
		{1F43537B-5527-41B3-B59B-301CD6515183}.Release|x64.Build.0 = Release|x64
		{1F43537B-5527-41B3-B59B-301CD6515183}.Release|x86.ActiveCfg = Release|x86
		{1F43537B-5527-41B3-B59B-301CD6515183}.Release|x86.Build.0 = Release|x86
		{5D730CC3-DEE3-4B2A-8D59-120C96A5FA90}.Debug|Any CPU.ActiveCfg = Debug|Any CPU
		{5D730CC3-DEE3-4B2A-8D59-120C96A5FA90}.Debug|Any CPU.Build.0 = Debug|Any CPU
		{5D730CC3-DEE3-4B2A-8D59-120C96A5FA90}.Debug|ARM.ActiveCfg = Debug|Any CPU
		{5D730CC3-DEE3-4B2A-8D59-120C96A5FA90}.Debug|ARM.Build.0 = Debug|Any CPU
		{5D730CC3-DEE3-4B2A-8D59-120C96A5FA90}.Debug|ARM64.ActiveCfg = Debug|Any CPU
		{5D730CC3-DEE3-4B2A-8D59-120C96A5FA90}.Debug|ARM64.Build.0 = Debug|Any CPU
		{5D730CC3-DEE3-4B2A-8D59-120C96A5FA90}.Debug|x64.ActiveCfg = Debug|x64
		{5D730CC3-DEE3-4B2A-8D59-120C96A5FA90}.Debug|x64.Build.0 = Debug|x64
		{5D730CC3-DEE3-4B2A-8D59-120C96A5FA90}.Debug|x86.ActiveCfg = Debug|x86
		{5D730CC3-DEE3-4B2A-8D59-120C96A5FA90}.Debug|x86.Build.0 = Debug|x86
		{5D730CC3-DEE3-4B2A-8D59-120C96A5FA90}.Release|Any CPU.ActiveCfg = Release|Any CPU
		{5D730CC3-DEE3-4B2A-8D59-120C96A5FA90}.Release|Any CPU.Build.0 = Release|Any CPU
		{5D730CC3-DEE3-4B2A-8D59-120C96A5FA90}.Release|ARM.ActiveCfg = Release|Any CPU
		{5D730CC3-DEE3-4B2A-8D59-120C96A5FA90}.Release|ARM.Build.0 = Release|Any CPU
		{5D730CC3-DEE3-4B2A-8D59-120C96A5FA90}.Release|ARM64.ActiveCfg = Release|Any CPU
		{5D730CC3-DEE3-4B2A-8D59-120C96A5FA90}.Release|ARM64.Build.0 = Release|Any CPU
		{5D730CC3-DEE3-4B2A-8D59-120C96A5FA90}.Release|x64.ActiveCfg = Release|x64
		{5D730CC3-DEE3-4B2A-8D59-120C96A5FA90}.Release|x64.Build.0 = Release|x64
		{5D730CC3-DEE3-4B2A-8D59-120C96A5FA90}.Release|x86.ActiveCfg = Release|x86
		{5D730CC3-DEE3-4B2A-8D59-120C96A5FA90}.Release|x86.Build.0 = Release|x86
		{EF7D66BB-B4AC-4867-814E-2DB979068211}.Debug|Any CPU.ActiveCfg = Debug|Any CPU
		{EF7D66BB-B4AC-4867-814E-2DB979068211}.Debug|Any CPU.Build.0 = Debug|Any CPU
		{EF7D66BB-B4AC-4867-814E-2DB979068211}.Debug|Any CPU.Deploy.0 = Debug|Any CPU
		{EF7D66BB-B4AC-4867-814E-2DB979068211}.Debug|ARM.ActiveCfg = Debug|ARM
		{EF7D66BB-B4AC-4867-814E-2DB979068211}.Debug|ARM.Build.0 = Debug|ARM
		{EF7D66BB-B4AC-4867-814E-2DB979068211}.Debug|ARM.Deploy.0 = Debug|ARM
		{EF7D66BB-B4AC-4867-814E-2DB979068211}.Debug|ARM64.ActiveCfg = Debug|ARM64
		{EF7D66BB-B4AC-4867-814E-2DB979068211}.Debug|ARM64.Build.0 = Debug|ARM64
		{EF7D66BB-B4AC-4867-814E-2DB979068211}.Debug|ARM64.Deploy.0 = Debug|ARM64
		{EF7D66BB-B4AC-4867-814E-2DB979068211}.Debug|x64.ActiveCfg = Debug|x64
		{EF7D66BB-B4AC-4867-814E-2DB979068211}.Debug|x64.Build.0 = Debug|x64
		{EF7D66BB-B4AC-4867-814E-2DB979068211}.Debug|x64.Deploy.0 = Debug|x64
		{EF7D66BB-B4AC-4867-814E-2DB979068211}.Debug|x86.ActiveCfg = Debug|x86
		{EF7D66BB-B4AC-4867-814E-2DB979068211}.Debug|x86.Build.0 = Debug|x86
		{EF7D66BB-B4AC-4867-814E-2DB979068211}.Debug|x86.Deploy.0 = Debug|x86
		{EF7D66BB-B4AC-4867-814E-2DB979068211}.Release|Any CPU.ActiveCfg = Release|Any CPU
		{EF7D66BB-B4AC-4867-814E-2DB979068211}.Release|Any CPU.Build.0 = Release|Any CPU
		{EF7D66BB-B4AC-4867-814E-2DB979068211}.Release|Any CPU.Deploy.0 = Release|Any CPU
		{EF7D66BB-B4AC-4867-814E-2DB979068211}.Release|ARM.ActiveCfg = Release|ARM
		{EF7D66BB-B4AC-4867-814E-2DB979068211}.Release|ARM.Build.0 = Release|ARM
		{EF7D66BB-B4AC-4867-814E-2DB979068211}.Release|ARM.Deploy.0 = Release|ARM
		{EF7D66BB-B4AC-4867-814E-2DB979068211}.Release|ARM64.ActiveCfg = Release|ARM64
		{EF7D66BB-B4AC-4867-814E-2DB979068211}.Release|ARM64.Build.0 = Release|ARM64
		{EF7D66BB-B4AC-4867-814E-2DB979068211}.Release|ARM64.Deploy.0 = Release|ARM64
		{EF7D66BB-B4AC-4867-814E-2DB979068211}.Release|x64.ActiveCfg = Release|x64
		{EF7D66BB-B4AC-4867-814E-2DB979068211}.Release|x64.Build.0 = Release|x64
		{EF7D66BB-B4AC-4867-814E-2DB979068211}.Release|x64.Deploy.0 = Release|x64
		{EF7D66BB-B4AC-4867-814E-2DB979068211}.Release|x86.ActiveCfg = Release|x86
		{EF7D66BB-B4AC-4867-814E-2DB979068211}.Release|x86.Build.0 = Release|x86
		{EF7D66BB-B4AC-4867-814E-2DB979068211}.Release|x86.Deploy.0 = Release|x86
	EndGlobalSection
	GlobalSection(SolutionProperties) = preSolution
		HideSolutionNode = FALSE
	EndGlobalSection
	GlobalSection(ExtensibilityGlobals) = postSolution
		SolutionGuid = {F8A4E804-269C-49B0-8E7F-4AC9B03C2A51}
	EndGlobalSection
EndGlobal
